// !$*UTF8*$!
{
	archiveVersion = 1;
	classes = {
	};
	objectVersion = 50;
	objects = {

/* Begin PBXBuildFile section */
		1B21CFCD2105A80E00DBA0F8 /* AppDelegate.swift in Sources */ = {isa = PBXBuildFile; fileRef = 1B21CFCC2105A80E00DBA0F8 /* AppDelegate.swift */; };
		1B21CFCF2105A80E00DBA0F8 /* ViewController.swift in Sources */ = {isa = PBXBuildFile; fileRef = 1B21CFCE2105A80E00DBA0F8 /* ViewController.swift */; };
		1B21CFD22105A80E00DBA0F8 /* Main.storyboard in Resources */ = {isa = PBXBuildFile; fileRef = 1B21CFD02105A80E00DBA0F8 /* Main.storyboard */; };
		1B21CFD42105A81000DBA0F8 /* Assets.xcassets in Resources */ = {isa = PBXBuildFile; fileRef = 1B21CFD32105A81000DBA0F8 /* Assets.xcassets */; };
		1B21CFD72105A81000DBA0F8 /* LaunchScreen.storyboard in Resources */ = {isa = PBXBuildFile; fileRef = 1B21CFD52105A81000DBA0F8 /* LaunchScreen.storyboard */; };
		1B21CFE22105A81000DBA0F8 /* googlemapDemoTests.swift in Sources */ = {isa = PBXBuildFile; fileRef = 1B21CFE12105A81000DBA0F8 /* googlemapDemoTests.swift */; };
		1B21CFED2105A81000DBA0F8 /* googlemapDemoUITests.swift in Sources */ = {isa = PBXBuildFile; fileRef = 1B21CFEC2105A81000DBA0F8 /* googlemapDemoUITests.swift */; };
		5E45729AD7253491B0D76A62 /* Pods_googlemapDemo.framework in Frameworks */ = {isa = PBXBuildFile; fileRef = B4D49BB16770C8E1C40E249F /* Pods_googlemapDemo.framework */; };
		D5459993DF7CC6825799CE14 /* Pods_googlemapDemoTests.framework in Frameworks */ = {isa = PBXBuildFile; fileRef = DC62417221E714765C4E8962 /* Pods_googlemapDemoTests.framework */; };
		E568AA8FBA265B7622414302 /* Pods_googlemapDemoUITests.framework in Frameworks */ = {isa = PBXBuildFile; fileRef = 54329DCA4FAD38480641E904 /* Pods_googlemapDemoUITests.framework */; };
/* End PBXBuildFile section */

/* Begin PBXContainerItemProxy section */
		1B21CFDE2105A81000DBA0F8 /* PBXContainerItemProxy */ = {
			isa = PBXContainerItemProxy;
			containerPortal = 1B21CFC12105A80E00DBA0F8 /* Project object */;
			proxyType = 1;
			remoteGlobalIDString = 1B21CFC82105A80E00DBA0F8;
			remoteInfo = googlemapDemo;
		};
		1B21CFE92105A81000DBA0F8 /* PBXContainerItemProxy */ = {
			isa = PBXContainerItemProxy;
			containerPortal = 1B21CFC12105A80E00DBA0F8 /* Project object */;
			proxyType = 1;
			remoteGlobalIDString = 1B21CFC82105A80E00DBA0F8;
			remoteInfo = googlemapDemo;
		};
/* End PBXContainerItemProxy section */

/* Begin PBXFileReference section */
		04B1F724DA8D6A27C0FBE613 /* Pods-googlemapDemo.debug.xcconfig */ = {isa = PBXFileReference; includeInIndex = 1; lastKnownFileType = text.xcconfig; name = "Pods-googlemapDemo.debug.xcconfig"; path = "Pods/Target Support Files/Pods-googlemapDemo/Pods-googlemapDemo.debug.xcconfig"; sourceTree = "<group>"; };
		1B21CFC92105A80E00DBA0F8 /* googlemapDemo.app */ = {isa = PBXFileReference; explicitFileType = wrapper.application; includeInIndex = 0; path = googlemapDemo.app; sourceTree = BUILT_PRODUCTS_DIR; };
		1B21CFCC2105A80E00DBA0F8 /* AppDelegate.swift */ = {isa = PBXFileReference; lastKnownFileType = sourcecode.swift; path = AppDelegate.swift; sourceTree = "<group>"; };
		1B21CFCE2105A80E00DBA0F8 /* ViewController.swift */ = {isa = PBXFileReference; lastKnownFileType = sourcecode.swift; path = ViewController.swift; sourceTree = "<group>"; };
		1B21CFD12105A80E00DBA0F8 /* Base */ = {isa = PBXFileReference; lastKnownFileType = file.storyboard; name = Base; path = Base.lproj/Main.storyboard; sourceTree = "<group>"; };
		1B21CFD32105A81000DBA0F8 /* Assets.xcassets */ = {isa = PBXFileReference; lastKnownFileType = folder.assetcatalog; path = Assets.xcassets; sourceTree = "<group>"; };
		1B21CFD62105A81000DBA0F8 /* Base */ = {isa = PBXFileReference; lastKnownFileType = file.storyboard; name = Base; path = Base.lproj/LaunchScreen.storyboard; sourceTree = "<group>"; };
		1B21CFD82105A81000DBA0F8 /* Info.plist */ = {isa = PBXFileReference; lastKnownFileType = text.plist.xml; path = Info.plist; sourceTree = "<group>"; };
		1B21CFDD2105A81000DBA0F8 /* googlemapDemoTests.xctest */ = {isa = PBXFileReference; explicitFileType = wrapper.cfbundle; includeInIndex = 0; path = googlemapDemoTests.xctest; sourceTree = BUILT_PRODUCTS_DIR; };
		1B21CFE12105A81000DBA0F8 /* googlemapDemoTests.swift */ = {isa = PBXFileReference; lastKnownFileType = sourcecode.swift; path = googlemapDemoTests.swift; sourceTree = "<group>"; };
		1B21CFE32105A81000DBA0F8 /* Info.plist */ = {isa = PBXFileReference; lastKnownFileType = text.plist.xml; path = Info.plist; sourceTree = "<group>"; };
		1B21CFE82105A81000DBA0F8 /* googlemapDemoUITests.xctest */ = {isa = PBXFileReference; explicitFileType = wrapper.cfbundle; includeInIndex = 0; path = googlemapDemoUITests.xctest; sourceTree = BUILT_PRODUCTS_DIR; };
		1B21CFEC2105A81000DBA0F8 /* googlemapDemoUITests.swift */ = {isa = PBXFileReference; lastKnownFileType = sourcecode.swift; path = googlemapDemoUITests.swift; sourceTree = "<group>"; };
		1B21CFEE2105A81000DBA0F8 /* Info.plist */ = {isa = PBXFileReference; lastKnownFileType = text.plist.xml; path = Info.plist; sourceTree = "<group>"; };
		23664F47E252874957938F49 /* Pods-googlemapDemoTests.release.xcconfig */ = {isa = PBXFileReference; includeInIndex = 1; lastKnownFileType = text.xcconfig; name = "Pods-googlemapDemoTests.release.xcconfig"; path = "Pods/Target Support Files/Pods-googlemapDemoTests/Pods-googlemapDemoTests.release.xcconfig"; sourceTree = "<group>"; };
		2C609E428EB7935CD9893BA3 /* Pods-googlemapDemo.release.xcconfig */ = {isa = PBXFileReference; includeInIndex = 1; lastKnownFileType = text.xcconfig; name = "Pods-googlemapDemo.release.xcconfig"; path = "Pods/Target Support Files/Pods-googlemapDemo/Pods-googlemapDemo.release.xcconfig"; sourceTree = "<group>"; };
		54329DCA4FAD38480641E904 /* Pods_googlemapDemoUITests.framework */ = {isa = PBXFileReference; explicitFileType = wrapper.framework; includeInIndex = 0; path = Pods_googlemapDemoUITests.framework; sourceTree = BUILT_PRODUCTS_DIR; };
		844AF0A4D402B4F076D6FB3A /* Pods-googlemapDemoTests.debug.xcconfig */ = {isa = PBXFileReference; includeInIndex = 1; lastKnownFileType = text.xcconfig; name = "Pods-googlemapDemoTests.debug.xcconfig"; path = "Pods/Target Support Files/Pods-googlemapDemoTests/Pods-googlemapDemoTests.debug.xcconfig"; sourceTree = "<group>"; };
		B4D49BB16770C8E1C40E249F /* Pods_googlemapDemo.framework */ = {isa = PBXFileReference; explicitFileType = wrapper.framework; includeInIndex = 0; path = Pods_googlemapDemo.framework; sourceTree = BUILT_PRODUCTS_DIR; };
		B982E74CE4C69026C6724FC8 /* Pods-googlemapDemoUITests.debug.xcconfig */ = {isa = PBXFileReference; includeInIndex = 1; lastKnownFileType = text.xcconfig; name = "Pods-googlemapDemoUITests.debug.xcconfig"; path = "Pods/Target Support Files/Pods-googlemapDemoUITests/Pods-googlemapDemoUITests.debug.xcconfig"; sourceTree = "<group>"; };
		CE7F4B6C910FF416F4A60879 /* Pods-googlemapDemoUITests.release.xcconfig */ = {isa = PBXFileReference; includeInIndex = 1; lastKnownFileType = text.xcconfig; name = "Pods-googlemapDemoUITests.release.xcconfig"; path = "Pods/Target Support Files/Pods-googlemapDemoUITests/Pods-googlemapDemoUITests.release.xcconfig"; sourceTree = "<group>"; };
		DC62417221E714765C4E8962 /* Pods_googlemapDemoTests.framework */ = {isa = PBXFileReference; explicitFileType = wrapper.framework; includeInIndex = 0; path = Pods_googlemapDemoTests.framework; sourceTree = BUILT_PRODUCTS_DIR; };
/* End PBXFileReference section */

/* Begin PBXFrameworksBuildPhase section */
		1B21CFC62105A80E00DBA0F8 /* Frameworks */ = {
			isa = PBXFrameworksBuildPhase;
			buildActionMask = 2147483647;
			files = (
				5E45729AD7253491B0D76A62 /* Pods_googlemapDemo.framework in Frameworks */,
			);
			runOnlyForDeploymentPostprocessing = 0;
		};
		1B21CFDA2105A81000DBA0F8 /* Frameworks */ = {
			isa = PBXFrameworksBuildPhase;
			buildActionMask = 2147483647;
			files = (
				D5459993DF7CC6825799CE14 /* Pods_googlemapDemoTests.framework in Frameworks */,
			);
			runOnlyForDeploymentPostprocessing = 0;
		};
		1B21CFE52105A81000DBA0F8 /* Frameworks */ = {
			isa = PBXFrameworksBuildPhase;
			buildActionMask = 2147483647;
			files = (
				E568AA8FBA265B7622414302 /* Pods_googlemapDemoUITests.framework in Frameworks */,
			);
			runOnlyForDeploymentPostprocessing = 0;
		};
/* End PBXFrameworksBuildPhase section */

/* Begin PBXGroup section */
		1B21CFC02105A80E00DBA0F8 = {
			isa = PBXGroup;
			children = (
				1B21CFCB2105A80E00DBA0F8 /* googlemapDemo */,
				1B21CFE02105A81000DBA0F8 /* googlemapDemoTests */,
				1B21CFEB2105A81000DBA0F8 /* googlemapDemoUITests */,
				1B21CFCA2105A80E00DBA0F8 /* Products */,
				D04AAD6205991531E157BC59 /* Pods */,
				27B33FBDDA0E04119A48BDCB /* Frameworks */,
			);
			sourceTree = "<group>";
		};
		1B21CFCA2105A80E00DBA0F8 /* Products */ = {
			isa = PBXGroup;
			children = (
				1B21CFC92105A80E00DBA0F8 /* googlemapDemo.app */,
				1B21CFDD2105A81000DBA0F8 /* googlemapDemoTests.xctest */,
				1B21CFE82105A81000DBA0F8 /* googlemapDemoUITests.xctest */,
			);
			name = Products;
			sourceTree = "<group>";
		};
		1B21CFCB2105A80E00DBA0F8 /* googlemapDemo */ = {
			isa = PBXGroup;
			children = (
				1B21CFCC2105A80E00DBA0F8 /* AppDelegate.swift */,
				1B21CFCE2105A80E00DBA0F8 /* ViewController.swift */,
				1B21CFD02105A80E00DBA0F8 /* Main.storyboard */,
				1B21CFD32105A81000DBA0F8 /* Assets.xcassets */,
				1B21CFD52105A81000DBA0F8 /* LaunchScreen.storyboard */,
				1B21CFD82105A81000DBA0F8 /* Info.plist */,
			);
			path = googlemapDemo;
			sourceTree = "<group>";
		};
		1B21CFE02105A81000DBA0F8 /* googlemapDemoTests */ = {
			isa = PBXGroup;
			children = (
				1B21CFE12105A81000DBA0F8 /* googlemapDemoTests.swift */,
				1B21CFE32105A81000DBA0F8 /* Info.plist */,
			);
			path = googlemapDemoTests;
			sourceTree = "<group>";
		};
		1B21CFEB2105A81000DBA0F8 /* googlemapDemoUITests */ = {
			isa = PBXGroup;
			children = (
				1B21CFEC2105A81000DBA0F8 /* googlemapDemoUITests.swift */,
				1B21CFEE2105A81000DBA0F8 /* Info.plist */,
			);
			path = googlemapDemoUITests;
			sourceTree = "<group>";
		};
		27B33FBDDA0E04119A48BDCB /* Frameworks */ = {
			isa = PBXGroup;
			children = (
				B4D49BB16770C8E1C40E249F /* Pods_googlemapDemo.framework */,
				DC62417221E714765C4E8962 /* Pods_googlemapDemoTests.framework */,
				54329DCA4FAD38480641E904 /* Pods_googlemapDemoUITests.framework */,
			);
			name = Frameworks;
			sourceTree = "<group>";
		};
		D04AAD6205991531E157BC59 /* Pods */ = {
			isa = PBXGroup;
			children = (
				04B1F724DA8D6A27C0FBE613 /* Pods-googlemapDemo.debug.xcconfig */,
				2C609E428EB7935CD9893BA3 /* Pods-googlemapDemo.release.xcconfig */,
				844AF0A4D402B4F076D6FB3A /* Pods-googlemapDemoTests.debug.xcconfig */,
				23664F47E252874957938F49 /* Pods-googlemapDemoTests.release.xcconfig */,
				B982E74CE4C69026C6724FC8 /* Pods-googlemapDemoUITests.debug.xcconfig */,
				CE7F4B6C910FF416F4A60879 /* Pods-googlemapDemoUITests.release.xcconfig */,
			);
			name = Pods;
			sourceTree = "<group>";
		};
/* End PBXGroup section */

/* Begin PBXNativeTarget section */
		1B21CFC82105A80E00DBA0F8 /* googlemapDemo */ = {
			isa = PBXNativeTarget;
			buildConfigurationList = 1B21CFF12105A81000DBA0F8 /* Build configuration list for PBXNativeTarget "googlemapDemo" */;
			buildPhases = (
				0C4B5D0E7BE5FAA16731D961 /* [CP] Check Pods Manifest.lock */,
				1B21CFC52105A80E00DBA0F8 /* Sources */,
				1B21CFC62105A80E00DBA0F8 /* Frameworks */,
				1B21CFC72105A80E00DBA0F8 /* Resources */,
				53D8F336F08BB9A9225FADFA /* [CP] Copy Pods Resources */,
				0242B8E068CFA11B033EA435 /* [CP] Embed Pods Frameworks */,
			);
			buildRules = (
			);
			dependencies = (
			);
			name = googlemapDemo;
			productName = googlemapDemo;
			productReference = 1B21CFC92105A80E00DBA0F8 /* googlemapDemo.app */;
			productType = "com.apple.product-type.application";
		};
		1B21CFDC2105A81000DBA0F8 /* googlemapDemoTests */ = {
			isa = PBXNativeTarget;
			buildConfigurationList = 1B21CFF42105A81000DBA0F8 /* Build configuration list for PBXNativeTarget "googlemapDemoTests" */;
			buildPhases = (
				C815A56D4777395F8029510F /* [CP] Check Pods Manifest.lock */,
				1B21CFD92105A81000DBA0F8 /* Sources */,
				1B21CFDA2105A81000DBA0F8 /* Frameworks */,
				1B21CFDB2105A81000DBA0F8 /* Resources */,
			);
			buildRules = (
			);
			dependencies = (
				1B21CFDF2105A81000DBA0F8 /* PBXTargetDependency */,
			);
			name = googlemapDemoTests;
			productName = googlemapDemoTests;
			productReference = 1B21CFDD2105A81000DBA0F8 /* googlemapDemoTests.xctest */;
			productType = "com.apple.product-type.bundle.unit-test";
		};
		1B21CFE72105A81000DBA0F8 /* googlemapDemoUITests */ = {
			isa = PBXNativeTarget;
			buildConfigurationList = 1B21CFF72105A81000DBA0F8 /* Build configuration list for PBXNativeTarget "googlemapDemoUITests" */;
			buildPhases = (
				07CEDC46A1F4DD147B1374D9 /* [CP] Check Pods Manifest.lock */,
				1B21CFE42105A81000DBA0F8 /* Sources */,
				1B21CFE52105A81000DBA0F8 /* Frameworks */,
				1B21CFE62105A81000DBA0F8 /* Resources */,
			);
			buildRules = (
			);
			dependencies = (
				1B21CFEA2105A81000DBA0F8 /* PBXTargetDependency */,
			);
			name = googlemapDemoUITests;
			productName = googlemapDemoUITests;
			productReference = 1B21CFE82105A81000DBA0F8 /* googlemapDemoUITests.xctest */;
			productType = "com.apple.product-type.bundle.ui-testing";
		};
/* End PBXNativeTarget section */

/* Begin PBXProject section */
		1B21CFC12105A80E00DBA0F8 /* Project object */ = {
			isa = PBXProject;
			attributes = {
				LastSwiftUpdateCheck = 0930;
				LastUpgradeCheck = 0930;
				ORGANIZATIONNAME = "Rajesh Vishnani";
				TargetAttributes = {
					1B21CFC82105A80E00DBA0F8 = {
						CreatedOnToolsVersion = 9.3.1;
					};
					1B21CFDC2105A81000DBA0F8 = {
						CreatedOnToolsVersion = 9.3.1;
						TestTargetID = 1B21CFC82105A80E00DBA0F8;
					};
					1B21CFE72105A81000DBA0F8 = {
						CreatedOnToolsVersion = 9.3.1;
						TestTargetID = 1B21CFC82105A80E00DBA0F8;
					};
				};
			};
			buildConfigurationList = 1B21CFC42105A80E00DBA0F8 /* Build configuration list for PBXProject "googlemapDemo" */;
			compatibilityVersion = "Xcode 9.3";
			developmentRegion = en;
			hasScannedForEncodings = 0;
			knownRegions = (
				en,
				Base,
			);
			mainGroup = 1B21CFC02105A80E00DBA0F8;
			productRefGroup = 1B21CFCA2105A80E00DBA0F8 /* Products */;
			projectDirPath = "";
			projectRoot = "";
			targets = (
				1B21CFC82105A80E00DBA0F8 /* googlemapDemo */,
				1B21CFDC2105A81000DBA0F8 /* googlemapDemoTests */,
				1B21CFE72105A81000DBA0F8 /* googlemapDemoUITests */,
			);
		};
/* End PBXProject section */

/* Begin PBXResourcesBuildPhase section */
		1B21CFC72105A80E00DBA0F8 /* Resources */ = {
			isa = PBXResourcesBuildPhase;
			buildActionMask = 2147483647;
			files = (
				1B21CFD72105A81000DBA0F8 /* LaunchScreen.storyboard in Resources */,
				1B21CFD42105A81000DBA0F8 /* Assets.xcassets in Resources */,
				1B21CFD22105A80E00DBA0F8 /* Main.storyboard in Resources */,
			);
			runOnlyForDeploymentPostprocessing = 0;
		};
		1B21CFDB2105A81000DBA0F8 /* Resources */ = {
			isa = PBXResourcesBuildPhase;
			buildActionMask = 2147483647;
			files = (
			);
			runOnlyForDeploymentPostprocessing = 0;
		};
		1B21CFE62105A81000DBA0F8 /* Resources */ = {
			isa = PBXResourcesBuildPhase;
			buildActionMask = 2147483647;
			files = (
			);
			runOnlyForDeploymentPostprocessing = 0;
		};
/* End PBXResourcesBuildPhase section */

/* Begin PBXShellScriptBuildPhase section */
		0242B8E068CFA11B033EA435 /* [CP] Embed Pods Frameworks */ = {
			isa = PBXShellScriptBuildPhase;
			buildActionMask = 2147483647;
			files = (
			);
			inputPaths = (
				"${SRCROOT}/Pods/Target Support Files/Pods-googlemapDemo/Pods-googlemapDemo-frameworks.sh",
				"${BUILT_PRODUCTS_DIR}/GooglePlacesSearchController/GooglePlacesSearchController.framework",
				"${BUILT_PRODUCTS_DIR}/MJSnackBar/MJSnackBar.framework",
			);
			name = "[CP] Embed Pods Frameworks";
			outputPaths = (
				"${TARGET_BUILD_DIR}/${FRAMEWORKS_FOLDER_PATH}/GooglePlacesSearchController.framework",
				"${TARGET_BUILD_DIR}/${FRAMEWORKS_FOLDER_PATH}/MJSnackBar.framework",
			);
			runOnlyForDeploymentPostprocessing = 0;
			shellPath = /bin/sh;
			shellScript = "\"${SRCROOT}/Pods/Target Support Files/Pods-googlemapDemo/Pods-googlemapDemo-frameworks.sh\"\n";
			showEnvVarsInLog = 0;
		};
		07CEDC46A1F4DD147B1374D9 /* [CP] Check Pods Manifest.lock */ = {
			isa = PBXShellScriptBuildPhase;
			buildActionMask = 2147483647;
			files = (
			);
			inputPaths = (
				"${PODS_PODFILE_DIR_PATH}/Podfile.lock",
				"${PODS_ROOT}/Manifest.lock",
			);
			name = "[CP] Check Pods Manifest.lock";
			outputPaths = (
				"$(DERIVED_FILE_DIR)/Pods-googlemapDemoUITests-checkManifestLockResult.txt",
			);
			runOnlyForDeploymentPostprocessing = 0;
			shellPath = /bin/sh;
			shellScript = "diff \"${PODS_PODFILE_DIR_PATH}/Podfile.lock\" \"${PODS_ROOT}/Manifest.lock\" > /dev/null\nif [ $? != 0 ] ; then\n    # print error to STDERR\n    echo \"error: The sandbox is not in sync with the Podfile.lock. Run 'pod install' or update your CocoaPods installation.\" >&2\n    exit 1\nfi\n# This output is used by Xcode 'outputs' to avoid re-running this script phase.\necho \"SUCCESS\" > \"${SCRIPT_OUTPUT_FILE_0}\"\n";
			showEnvVarsInLog = 0;
		};
		0C4B5D0E7BE5FAA16731D961 /* [CP] Check Pods Manifest.lock */ = {
			isa = PBXShellScriptBuildPhase;
			buildActionMask = 2147483647;
			files = (
			);
			inputPaths = (
				"${PODS_PODFILE_DIR_PATH}/Podfile.lock",
				"${PODS_ROOT}/Manifest.lock",
			);
			name = "[CP] Check Pods Manifest.lock";
			outputPaths = (
				"$(DERIVED_FILE_DIR)/Pods-googlemapDemo-checkManifestLockResult.txt",
			);
			runOnlyForDeploymentPostprocessing = 0;
			shellPath = /bin/sh;
			shellScript = "diff \"${PODS_PODFILE_DIR_PATH}/Podfile.lock\" \"${PODS_ROOT}/Manifest.lock\" > /dev/null\nif [ $? != 0 ] ; then\n    # print error to STDERR\n    echo \"error: The sandbox is not in sync with the Podfile.lock. Run 'pod install' or update your CocoaPods installation.\" >&2\n    exit 1\nfi\n# This output is used by Xcode 'outputs' to avoid re-running this script phase.\necho \"SUCCESS\" > \"${SCRIPT_OUTPUT_FILE_0}\"\n";
			showEnvVarsInLog = 0;
		};
		53D8F336F08BB9A9225FADFA /* [CP] Copy Pods Resources */ = {
			isa = PBXShellScriptBuildPhase;
			buildActionMask = 2147483647;
			files = (
			);
			inputPaths = (
				"${SRCROOT}/Pods/Target Support Files/Pods-googlemapDemo/Pods-googlemapDemo-resources.sh",
				"${PODS_ROOT}/GoogleMaps/Maps/Frameworks/GoogleMaps.framework/Resources/GoogleMaps.bundle",
				"${PODS_ROOT}/GooglePlaces/Frameworks/GooglePlaces.framework/Resources/GooglePlaces.bundle",
			);
			name = "[CP] Copy Pods Resources";
			outputPaths = (
				"${TARGET_BUILD_DIR}/${UNLOCALIZED_RESOURCES_FOLDER_PATH}/GoogleMaps.bundle",
				"${TARGET_BUILD_DIR}/${UNLOCALIZED_RESOURCES_FOLDER_PATH}/GooglePlaces.bundle",
			);
			runOnlyForDeploymentPostprocessing = 0;
			shellPath = /bin/sh;
			shellScript = "\"${SRCROOT}/Pods/Target Support Files/Pods-googlemapDemo/Pods-googlemapDemo-resources.sh\"\n";
			showEnvVarsInLog = 0;
		};
		C815A56D4777395F8029510F /* [CP] Check Pods Manifest.lock */ = {
			isa = PBXShellScriptBuildPhase;
			buildActionMask = 2147483647;
			files = (
			);
			inputPaths = (
				"${PODS_PODFILE_DIR_PATH}/Podfile.lock",
				"${PODS_ROOT}/Manifest.lock",
			);
			name = "[CP] Check Pods Manifest.lock";
			outputPaths = (
				"$(DERIVED_FILE_DIR)/Pods-googlemapDemoTests-checkManifestLockResult.txt",
			);
			runOnlyForDeploymentPostprocessing = 0;
			shellPath = /bin/sh;
			shellScript = "diff \"${PODS_PODFILE_DIR_PATH}/Podfile.lock\" \"${PODS_ROOT}/Manifest.lock\" > /dev/null\nif [ $? != 0 ] ; then\n    # print error to STDERR\n    echo \"error: The sandbox is not in sync with the Podfile.lock. Run 'pod install' or update your CocoaPods installation.\" >&2\n    exit 1\nfi\n# This output is used by Xcode 'outputs' to avoid re-running this script phase.\necho \"SUCCESS\" > \"${SCRIPT_OUTPUT_FILE_0}\"\n";
			showEnvVarsInLog = 0;
		};
/* End PBXShellScriptBuildPhase section */

/* Begin PBXSourcesBuildPhase section */
		1B21CFC52105A80E00DBA0F8 /* Sources */ = {
			isa = PBXSourcesBuildPhase;
			buildActionMask = 2147483647;
			files = (
				1B21CFCF2105A80E00DBA0F8 /* ViewController.swift in Sources */,
				1B21CFCD2105A80E00DBA0F8 /* AppDelegate.swift in Sources */,
			);
			runOnlyForDeploymentPostprocessing = 0;
		};
		1B21CFD92105A81000DBA0F8 /* Sources */ = {
			isa = PBXSourcesBuildPhase;
			buildActionMask = 2147483647;
			files = (
				1B21CFE22105A81000DBA0F8 /* googlemapDemoTests.swift in Sources */,
			);
			runOnlyForDeploymentPostprocessing = 0;
		};
		1B21CFE42105A81000DBA0F8 /* Sources */ = {
			isa = PBXSourcesBuildPhase;
			buildActionMask = 2147483647;
			files = (
				1B21CFED2105A81000DBA0F8 /* googlemapDemoUITests.swift in Sources */,
			);
			runOnlyForDeploymentPostprocessing = 0;
		};
/* End PBXSourcesBuildPhase section */

/* Begin PBXTargetDependency section */
		1B21CFDF2105A81000DBA0F8 /* PBXTargetDependency */ = {
			isa = PBXTargetDependency;
			target = 1B21CFC82105A80E00DBA0F8 /* googlemapDemo */;
			targetProxy = 1B21CFDE2105A81000DBA0F8 /* PBXContainerItemProxy */;
		};
		1B21CFEA2105A81000DBA0F8 /* PBXTargetDependency */ = {
			isa = PBXTargetDependency;
			target = 1B21CFC82105A80E00DBA0F8 /* googlemapDemo */;
			targetProxy = 1B21CFE92105A81000DBA0F8 /* PBXContainerItemProxy */;
		};
/* End PBXTargetDependency section */

/* Begin PBXVariantGroup section */
		1B21CFD02105A80E00DBA0F8 /* Main.storyboard */ = {
			isa = PBXVariantGroup;
			children = (
				1B21CFD12105A80E00DBA0F8 /* Base */,
			);
			name = Main.storyboard;
			sourceTree = "<group>";
		};
		1B21CFD52105A81000DBA0F8 /* LaunchScreen.storyboard */ = {
			isa = PBXVariantGroup;
			children = (
				1B21CFD62105A81000DBA0F8 /* Base */,
			);
			name = LaunchScreen.storyboard;
			sourceTree = "<group>";
		};
/* End PBXVariantGroup section */

/* Begin XCBuildConfiguration section */
		1B21CFEF2105A81000DBA0F8 /* Debug */ = {
			isa = XCBuildConfiguration;
			buildSettings = {
				ALWAYS_SEARCH_USER_PATHS = NO;
				CLANG_ANALYZER_NONNULL = YES;
				CLANG_ANALYZER_NUMBER_OBJECT_CONVERSION = YES_AGGRESSIVE;
				CLANG_CXX_LANGUAGE_STANDARD = "gnu++14";
				CLANG_CXX_LIBRARY = "libc++";
				CLANG_ENABLE_MODULES = YES;
				CLANG_ENABLE_OBJC_ARC = YES;
				CLANG_ENABLE_OBJC_WEAK = YES;
				CLANG_WARN_BLOCK_CAPTURE_AUTORELEASING = YES;
				CLANG_WARN_BOOL_CONVERSION = YES;
				CLANG_WARN_COMMA = YES;
				CLANG_WARN_CONSTANT_CONVERSION = YES;
				CLANG_WARN_DEPRECATED_OBJC_IMPLEMENTATIONS = YES;
				CLANG_WARN_DIRECT_OBJC_ISA_USAGE = YES_ERROR;
				CLANG_WARN_DOCUMENTATION_COMMENTS = YES;
				CLANG_WARN_EMPTY_BODY = YES;
				CLANG_WARN_ENUM_CONVERSION = YES;
				CLANG_WARN_INFINITE_RECURSION = YES;
				CLANG_WARN_INT_CONVERSION = YES;
				CLANG_WARN_NON_LITERAL_NULL_CONVERSION = YES;
				CLANG_WARN_OBJC_IMPLICIT_RETAIN_SELF = YES;
				CLANG_WARN_OBJC_LITERAL_CONVERSION = YES;
				CLANG_WARN_OBJC_ROOT_CLASS = YES_ERROR;
				CLANG_WARN_RANGE_LOOP_ANALYSIS = YES;
				CLANG_WARN_STRICT_PROTOTYPES = YES;
				CLANG_WARN_SUSPICIOUS_MOVE = YES;
				CLANG_WARN_UNGUARDED_AVAILABILITY = YES_AGGRESSIVE;
				CLANG_WARN_UNREACHABLE_CODE = YES;
				CLANG_WARN__DUPLICATE_METHOD_MATCH = YES;
				CODE_SIGN_IDENTITY = "iPhone Developer";
				COPY_PHASE_STRIP = NO;
				DEBUG_INFORMATION_FORMAT = dwarf;
				ENABLE_STRICT_OBJC_MSGSEND = YES;
				ENABLE_TESTABILITY = YES;
				GCC_C_LANGUAGE_STANDARD = gnu11;
				GCC_DYNAMIC_NO_PIC = NO;
				GCC_NO_COMMON_BLOCKS = YES;
				GCC_OPTIMIZATION_LEVEL = 0;
				GCC_PREPROCESSOR_DEFINITIONS = (
					"DEBUG=1",
					"$(inherited)",
				);
				GCC_WARN_64_TO_32_BIT_CONVERSION = YES;
				GCC_WARN_ABOUT_RETURN_TYPE = YES_ERROR;
				GCC_WARN_UNDECLARED_SELECTOR = YES;
				GCC_WARN_UNINITIALIZED_AUTOS = YES_AGGRESSIVE;
				GCC_WARN_UNUSED_FUNCTION = YES;
				GCC_WARN_UNUSED_VARIABLE = YES;
				IPHONEOS_DEPLOYMENT_TARGET = 11.3;
				MTL_ENABLE_DEBUG_INFO = YES;
				ONLY_ACTIVE_ARCH = YES;
				SDKROOT = iphoneos;
				SWIFT_ACTIVE_COMPILATION_CONDITIONS = DEBUG;
				SWIFT_OPTIMIZATION_LEVEL = "-Onone";
			};
			name = Debug;
		};
		1B21CFF02105A81000DBA0F8 /* Release */ = {
			isa = XCBuildConfiguration;
			buildSettings = {
				ALWAYS_SEARCH_USER_PATHS = NO;
				CLANG_ANALYZER_NONNULL = YES;
				CLANG_ANALYZER_NUMBER_OBJECT_CONVERSION = YES_AGGRESSIVE;
				CLANG_CXX_LANGUAGE_STANDARD = "gnu++14";
				CLANG_CXX_LIBRARY = "libc++";
				CLANG_ENABLE_MODULES = YES;
				CLANG_ENABLE_OBJC_ARC = YES;
				CLANG_ENABLE_OBJC_WEAK = YES;
				CLANG_WARN_BLOCK_CAPTURE_AUTORELEASING = YES;
				CLANG_WARN_BOOL_CONVERSION = YES;
				CLANG_WARN_COMMA = YES;
				CLANG_WARN_CONSTANT_CONVERSION = YES;
				CLANG_WARN_DEPRECATED_OBJC_IMPLEMENTATIONS = YES;
				CLANG_WARN_DIRECT_OBJC_ISA_USAGE = YES_ERROR;
				CLANG_WARN_DOCUMENTATION_COMMENTS = YES;
				CLANG_WARN_EMPTY_BODY = YES;
				CLANG_WARN_ENUM_CONVERSION = YES;
				CLANG_WARN_INFINITE_RECURSION = YES;
				CLANG_WARN_INT_CONVERSION = YES;
				CLANG_WARN_NON_LITERAL_NULL_CONVERSION = YES;
				CLANG_WARN_OBJC_IMPLICIT_RETAIN_SELF = YES;
				CLANG_WARN_OBJC_LITERAL_CONVERSION = YES;
				CLANG_WARN_OBJC_ROOT_CLASS = YES_ERROR;
				CLANG_WARN_RANGE_LOOP_ANALYSIS = YES;
				CLANG_WARN_STRICT_PROTOTYPES = YES;
				CLANG_WARN_SUSPICIOUS_MOVE = YES;
				CLANG_WARN_UNGUARDED_AVAILABILITY = YES_AGGRESSIVE;
				CLANG_WARN_UNREACHABLE_CODE = YES;
				CLANG_WARN__DUPLICATE_METHOD_MATCH = YES;
				CODE_SIGN_IDENTITY = "iPhone Developer";
				COPY_PHASE_STRIP = NO;
				DEBUG_INFORMATION_FORMAT = "dwarf-with-dsym";
				ENABLE_NS_ASSERTIONS = NO;
				ENABLE_STRICT_OBJC_MSGSEND = YES;
				GCC_C_LANGUAGE_STANDARD = gnu11;
				GCC_NO_COMMON_BLOCKS = YES;
				GCC_WARN_64_TO_32_BIT_CONVERSION = YES;
				GCC_WARN_ABOUT_RETURN_TYPE = YES_ERROR;
				GCC_WARN_UNDECLARED_SELECTOR = YES;
				GCC_WARN_UNINITIALIZED_AUTOS = YES_AGGRESSIVE;
				GCC_WARN_UNUSED_FUNCTION = YES;
				GCC_WARN_UNUSED_VARIABLE = YES;
				IPHONEOS_DEPLOYMENT_TARGET = 11.3;
				MTL_ENABLE_DEBUG_INFO = NO;
				SDKROOT = iphoneos;
				SWIFT_COMPILATION_MODE = wholemodule;
				SWIFT_OPTIMIZATION_LEVEL = "-O";
				VALIDATE_PRODUCT = YES;
			};
			name = Release;
		};
		1B21CFF22105A81000DBA0F8 /* Debug */ = {
			isa = XCBuildConfiguration;
			baseConfigurationReference = 04B1F724DA8D6A27C0FBE613 /* Pods-googlemapDemo.debug.xcconfig */;
			buildSettings = {
				ASSETCATALOG_COMPILER_APPICON_NAME = AppIcon;
				CODE_SIGN_STYLE = Automatic;
				INFOPLIST_FILE = googlemapDemo/Info.plist;
				LD_RUNPATH_SEARCH_PATHS = (
					"$(inherited)",
					"@executable_path/Frameworks",
				);
				PRODUCT_BUNDLE_IDENTIFIER = com..googlemapDemo;
				PRODUCT_NAME = "$(TARGET_NAME)";
				SWIFT_VERSION = 4.0;
				TARGETED_DEVICE_FAMILY = "1,2";
			};
			name = Debug;
		};
		1B21CFF32105A81000DBA0F8 /* Release */ = {
			isa = XCBuildConfiguration;
			baseConfigurationReference = 2C609E428EB7935CD9893BA3 /* Pods-googlemapDemo.release.xcconfig */;
			buildSettings = {
				ASSETCATALOG_COMPILER_APPICON_NAME = AppIcon;
				CODE_SIGN_STYLE = Automatic;
				INFOPLIST_FILE = googlemapDemo/Info.plist;
				LD_RUNPATH_SEARCH_PATHS = (
					"$(inherited)",
					"@executable_path/Frameworks",
				);
				PRODUCT_BUNDLE_IDENTIFIER = com..googlemapDemo;
				PRODUCT_NAME = "$(TARGET_NAME)";
				SWIFT_VERSION = 4.0;
				TARGETED_DEVICE_FAMILY = "1,2";
			};
			name = Release;
		};
		1B21CFF52105A81000DBA0F8 /* Debug */ = {
			isa = XCBuildConfiguration;
			baseConfigurationReference = 844AF0A4D402B4F076D6FB3A /* Pods-googlemapDemoTests.debug.xcconfig */;
			buildSettings = {
				ALWAYS_EMBED_SWIFT_STANDARD_LIBRARIES = YES;
				BUNDLE_LOADER = "$(TEST_HOST)";
				CODE_SIGN_STYLE = Automatic;
				INFOPLIST_FILE = googlemapDemoTests/Info.plist;
				LD_RUNPATH_SEARCH_PATHS = (
					"$(inherited)",
					"@executable_path/Frameworks",
					"@loader_path/Frameworks",
				);
				PRODUCT_BUNDLE_IDENTIFIER = com..googlemapDemoTests;
				PRODUCT_NAME = "$(TARGET_NAME)";
				SWIFT_VERSION = 4.0;
				TARGETED_DEVICE_FAMILY = "1,2";
				TEST_HOST = "$(BUILT_PRODUCTS_DIR)/googlemapDemo.app/googlemapDemo";
			};
			name = Debug;
		};
		1B21CFF62105A81000DBA0F8 /* Release */ = {
			isa = XCBuildConfiguration;
			baseConfigurationReference = 23664F47E252874957938F49 /* Pods-googlemapDemoTests.release.xcconfig */;
			buildSettings = {
				ALWAYS_EMBED_SWIFT_STANDARD_LIBRARIES = YES;
				BUNDLE_LOADER = "$(TEST_HOST)";
				CODE_SIGN_STYLE = Automatic;
				INFOPLIST_FILE = googlemapDemoTests/Info.plist;
				LD_RUNPATH_SEARCH_PATHS = (
					"$(inherited)",
					"@executable_path/Frameworks",
					"@loader_path/Frameworks",
				);
				PRODUCT_BUNDLE_IDENTIFIER = com..googlemapDemoTests;
				PRODUCT_NAME = "$(TARGET_NAME)";
				SWIFT_VERSION = 4.0;
				TARGETED_DEVICE_FAMILY = "1,2";
				TEST_HOST = "$(BUILT_PRODUCTS_DIR)/googlemapDemo.app/googlemapDemo";
			};
			name = Release;
		};
		1B21CFF82105A81000DBA0F8 /* Debug */ = {
			isa = XCBuildConfiguration;
			baseConfigurationReference = B982E74CE4C69026C6724FC8 /* Pods-googlemapDemoUITests.debug.xcconfig */;
			buildSettings = {
				ALWAYS_EMBED_SWIFT_STANDARD_LIBRARIES = YES;
				CODE_SIGN_STYLE = Automatic;
				INFOPLIST_FILE = googlemapDemoUITests/Info.plist;
				LD_RUNPATH_SEARCH_PATHS = (
					"$(inherited)",
					"@executable_path/Frameworks",
					"@loader_path/Frameworks",
				);
				PRODUCT_BUNDLE_IDENTIFIER = com..googlemapDemoUITests;
				PRODUCT_NAME = "$(TARGET_NAME)";
				SWIFT_VERSION = 4.0;
				TARGETED_DEVICE_FAMILY = "1,2";
				TEST_TARGET_NAME = googlemapDemo;
			};
			name = Debug;
		};
		1B21CFF92105A81000DBA0F8 /* Release */ = {
			isa = XCBuildConfiguration;
			baseConfigurationReference = CE7F4B6C910FF416F4A60879 /* Pods-googlemapDemoUITests.release.xcconfig */;
			buildSettings = {
				ALWAYS_EMBED_SWIFT_STANDARD_LIBRARIES = YES;
				CODE_SIGN_STYLE = Automatic;
				INFOPLIST_FILE = googlemapDemoUITests/Info.plist;
				LD_RUNPATH_SEARCH_PATHS = (
					"$(inherited)",
					"@executable_path/Frameworks",
					"@loader_path/Frameworks",
				);
				PRODUCT_BUNDLE_IDENTIFIER = com..googlemapDemoUITests;
				PRODUCT_NAME = "$(TARGET_NAME)";
				SWIFT_VERSION = 4.0;
				TARGETED_DEVICE_FAMILY = "1,2";
				TEST_TARGET_NAME = googlemapDemo;
			};
			name = Release;
		};
/* End XCBuildConfiguration section */

/* Begin XCConfigurationList section */
		1B21CFC42105A80E00DBA0F8 /* Build configuration list for PBXProject "googlemapDemo" */ = {
			isa = XCConfigurationList;
			buildConfigurations = (
				1B21CFEF2105A81000DBA0F8 /* Debug */,
				1B21CFF02105A81000DBA0F8 /* Release */,
			);
			defaultConfigurationIsVisible = 0;
			defaultConfigurationName = Release;
		};
		1B21CFF12105A81000DBA0F8 /* Build configuration list for PBXNativeTarget "googlemapDemo" */ = {
			isa = XCConfigurationList;
			buildConfigurations = (
				1B21CFF22105A81000DBA0F8 /* Debug */,
				1B21CFF32105A81000DBA0F8 /* Release */,
			);
			defaultConfigurationIsVisible = 0;
			defaultConfigurationName = Release;
		};
		1B21CFF42105A81000DBA0F8 /* Build configuration list for PBXNativeTarget "googlemapDemoTests" */ = {
			isa = XCConfigurationList;
			buildConfigurations = (
				1B21CFF52105A81000DBA0F8 /* Debug */,
				1B21CFF62105A81000DBA0F8 /* Release */,
			);
			defaultConfigurationIsVisible = 0;
			defaultConfigurationName = Release;
		};
		1B21CFF72105A81000DBA0F8 /* Build configuration list for PBXNativeTarget "googlemapDemoUITests" */ = {
			isa = XCConfigurationList;
			buildConfigurations = (
				1B21CFF82105A81000DBA0F8 /* Debug */,
				1B21CFF92105A81000DBA0F8 /* Release */,
			);
			defaultConfigurationIsVisible = 0;
			defaultConfigurationName = Release;
		};
/* End XCConfigurationList section */
	};
	rootObject = 1B21CFC12105A80E00DBA0F8 /* Project object */;
}
